
Microsoft Visual Studio Solution File, Format Version 12.00
# Visual Studio Version 17
VisualStudioVersion = 17.14.37012.4 d17.14
MinimumVisualStudioVersion = 10.0.40219.1
Project("{FAE04EC0-301F-11D3-BF4B-00C04F79EFBC}") = "варшываг", "варшываг.csproj", "{94292109-C25F-4594-B513-73686469E1D2}"
EndProject
Global
	GlobalSection(SolutionConfigurationPlatforms) = preSolution
		Debug|Any CPU = Debug|Any CPU
		Release|Any CPU = Release|Any CPU
	EndGlobalSection
	GlobalSection(ProjectConfigurationPlatforms) = postSolution
		{94292109-C25F-4594-B513-73686469E1D2}.Debug|Any CPU.ActiveCfg = Debug|Any CPU
		{94292109-C25F-4594-B513-73686469E1D2}.Debug|Any CPU.Build.0 = Debug|Any CPU
		{94292109-C25F-4594-B513-73686469E1D2}.Release|Any CPU.ActiveCfg = Release|Any CPU
		{94292109-C25F-4594-B513-73686469E1D2}.Release|Any CPU.Build.0 = Release|Any CPU
	EndGlobalSection
	GlobalSection(SolutionProperties) = preSolution
		HideSolutionNode = FALSE
	EndGlobalSection
	GlobalSection(ExtensibilityGlobals) = postSolution
		SolutionGuid = {A4B898AE-8371-4EE1-BD15-DE544DA60795}
	EndGlobalSection
EndGlobal
